
Microsoft Visual Studio Solution File, Format Version 12.00
# Visual Studio Version 16
VisualStudioVersion = 16.0.31702.278
MinimumVisualStudioVersion = 10.0.40219.1
Project("{9A19103F-16F7-4668-BE54-9A1E7A4F7556}") = "Console", "Console\Console.csproj", "{1B110A75-40F2-4E95-95EE-8DF54A741767}"
EndProject
Project("{9A19103F-16F7-4668-BE54-9A1E7A4F7556}") = "Domain", "Domain\Domain.csproj", "{E21E4F6A-C5D8-4309-B3F1-0FEC42F5DE0E}"
EndProject
Project("{9A19103F-16F7-4668-BE54-9A1E7A4F7556}") = "Service", "Service\Service.csproj", "{CF8D1E1C-206A-4718-9014-DC94FD7E1358}"
EndProject
Project("{9A19103F-16F7-4668-BE54-9A1E7A4F7556}") = "Data", "Data\Data.csproj", "{DD5CD91F-BE6D-4478-BFAE-90382AD90C0E}"
EndProject
Project("{FAE04EC0-301F-11D3-BF4B-00C04F79EFBC}") = "ServicePattern", "ServicePattern\ServicePattern.csproj", "{7616D9C1-D056-45D1-9E45-8AA4CD953C30}"
EndProject
Global
	GlobalSection(SolutionConfigurationPlatforms) = preSolution
		Debug|Any CPU = Debug|Any CPU
		Release|Any CPU = Release|Any CPU
	EndGlobalSection
	GlobalSection(ProjectConfigurationPlatforms) = postSolution
		{1B110A75-40F2-4E95-95EE-8DF54A741767}.Debug|Any CPU.ActiveCfg = Debug|Any CPU
		{1B110A75-40F2-4E95-95EE-8DF54A741767}.Debug|Any CPU.Build.0 = Debug|Any CPU
		{1B110A75-40F2-4E95-95EE-8DF54A741767}.Release|Any CPU.ActiveCfg = Release|Any CPU
		{1B110A75-40F2-4E95-95EE-8DF54A741767}.Release|Any CPU.Build.0 = Release|Any CPU
		{E21E4F6A-C5D8-4309-B3F1-0FEC42F5DE0E}.Debug|Any CPU.ActiveCfg = Debug|Any CPU
		{E21E4F6A-C5D8-4309-B3F1-0FEC42F5DE0E}.Debug|Any CPU.Build.0 = Debug|Any CPU
		{E21E4F6A-C5D8-4309-B3F1-0FEC42F5DE0E}.Release|Any CPU.ActiveCfg = Release|Any CPU
		{E21E4F6A-C5D8-4309-B3F1-0FEC42F5DE0E}.Release|Any CPU.Build.0 = Release|Any CPU
		{CF8D1E1C-206A-4718-9014-DC94FD7E1358}.Debug|Any CPU.ActiveCfg = Debug|Any CPU
		{CF8D1E1C-206A-4718-9014-DC94FD7E1358}.Debug|Any CPU.Build.0 = Debug|Any CPU
		{CF8D1E1C-206A-4718-9014-DC94FD7E1358}.Release|Any CPU.ActiveCfg = Release|Any CPU
		{CF8D1E1C-206A-4718-9014-DC94FD7E1358}.Release|Any CPU.Build.0 = Release|Any CPU
		{DD5CD91F-BE6D-4478-BFAE-90382AD90C0E}.Debug|Any CPU.ActiveCfg = Debug|Any CPU
		{DD5CD91F-BE6D-4478-BFAE-90382AD90C0E}.Debug|Any CPU.Build.0 = Debug|Any CPU
		{DD5CD91F-BE6D-4478-BFAE-90382AD90C0E}.Release|Any CPU.ActiveCfg = Release|Any CPU
		{DD5CD91F-BE6D-4478-BFAE-90382AD90C0E}.Release|Any CPU.Build.0 = Release|Any CPU
		{7616D9C1-D056-45D1-9E45-8AA4CD953C30}.Debug|Any CPU.ActiveCfg = Debug|Any CPU
		{7616D9C1-D056-45D1-9E45-8AA4CD953C30}.Debug|Any CPU.Build.0 = Debug|Any CPU
		{7616D9C1-D056-45D1-9E45-8AA4CD953C30}.Release|Any CPU.ActiveCfg = Release|Any CPU
		{7616D9C1-D056-45D1-9E45-8AA4CD953C30}.Release|Any CPU.Build.0 = Release|Any CPU
	EndGlobalSection
	GlobalSection(SolutionProperties) = preSolution
		HideSolutionNode = FALSE
	EndGlobalSection
	GlobalSection(ExtensibilityGlobals) = postSolution
		SolutionGuid = {C132F29B-E791-46AB-9ED3-895B2A11D534}
	EndGlobalSection
EndGlobal
